
Microsoft Visual Studio Solution File, Format Version 12.00
Project("{FAE04EC0-301F-11D3-BF4B-00C04F79EFBC}") = "FinanceManager", "FinanceManager\FinanceManager.csproj", "{3BEC9035-5062-4E77-B195-2A06F75C98BB}"
EndProject
Global
	GlobalSection(SolutionConfigurationPlatforms) = preSolution
		Debug|Any CPU = Debug|Any CPU
		Release|Any CPU = Release|Any CPU
	EndGlobalSection
	GlobalSection(ProjectConfigurationPlatforms) = postSolution
		{3BEC9035-5062-4E77-B195-2A06F75C98BB}.Debug|Any CPU.ActiveCfg = Debug|Any CPU
		{3BEC9035-5062-4E77-B195-2A06F75C98BB}.Debug|Any CPU.Build.0 = Debug|Any CPU
		{3BEC9035-5062-4E77-B195-2A06F75C98BB}.Release|Any CPU.ActiveCfg = Release|Any CPU
		{3BEC9035-5062-4E77-B195-2A06F75C98BB}.Release|Any CPU.Build.0 = Release|Any CPU
	EndGlobalSection
EndGlobal
